
Microsoft Visual Studio Solution File, Format Version 12.00
# Visual Studio Version 16
VisualStudioVersion = 16.0.30011.22
MinimumVisualStudioVersion = 10.0.40219.1
Project("{FAE04EC0-301F-11D3-BF4B-00C04F79EFBC}") = "MatchGame", "MatchGame\MatchGame.csproj", "{4A52F2B8-D4AA-44D9-AEAA-4FCB83C72C7A}"
EndProject
Global
	GlobalSection(SolutionConfigurationPlatforms) = preSolution
		Debug|Any CPU = Debug|Any CPU
		Release|Any CPU = Release|Any CPU
	EndGlobalSection
	GlobalSection(ProjectConfigurationPlatforms) = postSolution
		{4A52F2B8-D4AA-44D9-AEAA-4FCB83C72C7A}.Debug|Any CPU.ActiveCfg = Debug|Any CPU
		{4A52F2B8-D4AA-44D9-AEAA-4FCB83C72C7A}.Debug|Any CPU.Build.0 = Debug|Any CPU
		{4A52F2B8-D4AA-44D9-AEAA-4FCB83C72C7A}.Release|Any CPU.ActiveCfg = Release|Any CPU
		{4A52F2B8-D4AA-44D9-AEAA-4FCB83C72C7A}.Release|Any CPU.Build.0 = Release|Any CPU
	EndGlobalSection
	GlobalSection(SolutionProperties) = preSolution
		HideSolutionNode = FALSE
	EndGlobalSection
	GlobalSection(ExtensibilityGlobals) = postSolution
		SolutionGuid = {FC74EAB9-CEFE-4995-8BC0-76C8EF61B926}
	EndGlobalSection
EndGlobal
